
Microsoft Visual Studio Solution File, Format Version 12.00
# Visual Studio Version 17
VisualStudioVersion = 17.9.34622.214
MinimumVisualStudioVersion = 10.0.40219.1
Project("{FAE04EC0-301F-11D3-BF4B-00C04F79EFBC}") = "Recipes_website", "Recipes_website\Recipes_website.csproj", "{005B3C0F-4196-4280-A583-6936CF848F48}"
EndProject
Global
	GlobalSection(SolutionConfigurationPlatforms) = preSolution
		Debug|Any CPU = Debug|Any CPU
		Release|Any CPU = Release|Any CPU
	EndGlobalSection
	GlobalSection(ProjectConfigurationPlatforms) = postSolution
		{005B3C0F-4196-4280-A583-6936CF848F48}.Debug|Any CPU.ActiveCfg = Debug|Any CPU
		{005B3C0F-4196-4280-A583-6936CF848F48}.Debug|Any CPU.Build.0 = Debug|Any CPU
		{005B3C0F-4196-4280-A583-6936CF848F48}.Release|Any CPU.ActiveCfg = Release|Any CPU
		{005B3C0F-4196-4280-A583-6936CF848F48}.Release|Any CPU.Build.0 = Release|Any CPU
	EndGlobalSection
	GlobalSection(SolutionProperties) = preSolution
		HideSolutionNode = FALSE
	EndGlobalSection
	GlobalSection(ExtensibilityGlobals) = postSolution
		SolutionGuid = {2499AC30-161A-4599-80E5-DA6652BDB765}
	EndGlobalSection
EndGlobal
